
Microsoft Visual Studio Solution File, Format Version 12.00
# Visual Studio 14
VisualStudioVersion = 14.0.25420.1
MinimumVisualStudioVersion = 10.0.40219.1
Project("{FAE04EC0-301F-11D3-BF4B-00C04F79EFBC}") = "TrainingCalculator", "TrainingCalculator\TrainingCalculator.csproj", "{80311B56-4F0B-49BE-9B13-4580B8364202}"
EndProject
Project("{FAE04EC0-301F-11D3-BF4B-00C04F79EFBC}") = "TrainingCalculator2", "TrainingCalculator2\TrainingCalculator2.csproj", "{C1386C3D-BFCA-43A8-B5AC-7B16A2965B65}"
EndProject
Global
	GlobalSection(SolutionConfigurationPlatforms) = preSolution
		Debug|Any CPU = Debug|Any CPU
		Release|Any CPU = Release|Any CPU
	EndGlobalSection
	GlobalSection(ProjectConfigurationPlatforms) = postSolution
		{80311B56-4F0B-49BE-9B13-4580B8364202}.Debug|Any CPU.ActiveCfg = Debug|Any CPU
		{80311B56-4F0B-49BE-9B13-4580B8364202}.Debug|Any CPU.Build.0 = Debug|Any CPU
		{80311B56-4F0B-49BE-9B13-4580B8364202}.Release|Any CPU.ActiveCfg = Release|Any CPU
		{80311B56-4F0B-49BE-9B13-4580B8364202}.Release|Any CPU.Build.0 = Release|Any CPU
		{C1386C3D-BFCA-43A8-B5AC-7B16A2965B65}.Debug|Any CPU.ActiveCfg = Debug|Any CPU
		{C1386C3D-BFCA-43A8-B5AC-7B16A2965B65}.Debug|Any CPU.Build.0 = Debug|Any CPU
		{C1386C3D-BFCA-43A8-B5AC-7B16A2965B65}.Release|Any CPU.ActiveCfg = Release|Any CPU
		{C1386C3D-BFCA-43A8-B5AC-7B16A2965B65}.Release|Any CPU.Build.0 = Release|Any CPU
	EndGlobalSection
	GlobalSection(SolutionProperties) = preSolution
		HideSolutionNode = FALSE
	EndGlobalSection
EndGlobal
